
Microsoft Visual Studio Solution File, Format Version 12.00
# Visual Studio Version 16
VisualStudioVersion = 16.0.30804.86
MinimumVisualStudioVersion = 10.0.40219.1
Project("{FAE04EC0-301F-11D3-BF4B-00C04F79EFBC}") = "WebApplication1", "WebApplication1\WebApplication1.csproj", "{BDB57185-D5E8-4D6E-A584-16EF939D8C17}"
EndProject
Global
	GlobalSection(SolutionConfigurationPlatforms) = preSolution
		Debug|Any CPU = Debug|Any CPU
		Release|Any CPU = Release|Any CPU
	EndGlobalSection
	GlobalSection(ProjectConfigurationPlatforms) = postSolution
		{BDB57185-D5E8-4D6E-A584-16EF939D8C17}.Debug|Any CPU.ActiveCfg = Debug|Any CPU
		{BDB57185-D5E8-4D6E-A584-16EF939D8C17}.Debug|Any CPU.Build.0 = Debug|Any CPU
		{BDB57185-D5E8-4D6E-A584-16EF939D8C17}.Release|Any CPU.ActiveCfg = Release|Any CPU
		{BDB57185-D5E8-4D6E-A584-16EF939D8C17}.Release|Any CPU.Build.0 = Release|Any CPU
	EndGlobalSection
	GlobalSection(SolutionProperties) = preSolution
		HideSolutionNode = FALSE
	EndGlobalSection
	GlobalSection(ExtensibilityGlobals) = postSolution
		SolutionGuid = {51BBAB4C-15DB-4CFE-9431-0B0F280B7F57}
	EndGlobalSection
EndGlobal
