
Microsoft Visual Studio Solution File, Format Version 12.00
# Visual Studio Version 17
VisualStudioVersion = 17.0.32112.339
MinimumVisualStudioVersion = 10.0.40219.1
Project("{FAE04EC0-301F-11D3-BF4B-00C04F79EFBC}") = "OrderAPI", "OrderAPI.csproj", "{A9C0C514-81AF-4ACF-A7EA-23A3E4861C11}"
EndProject
Global
	GlobalSection(SolutionConfigurationPlatforms) = preSolution
		Debug|Any CPU = Debug|Any CPU
		Release|Any CPU = Release|Any CPU
	EndGlobalSection
	GlobalSection(ProjectConfigurationPlatforms) = postSolution
		{A9C0C514-81AF-4ACF-A7EA-23A3E4861C11}.Debug|Any CPU.ActiveCfg = Debug|Any CPU
		{A9C0C514-81AF-4ACF-A7EA-23A3E4861C11}.Debug|Any CPU.Build.0 = Debug|Any CPU
		{A9C0C514-81AF-4ACF-A7EA-23A3E4861C11}.Release|Any CPU.ActiveCfg = Release|Any CPU
		{A9C0C514-81AF-4ACF-A7EA-23A3E4861C11}.Release|Any CPU.Build.0 = Release|Any CPU
	EndGlobalSection
	GlobalSection(SolutionProperties) = preSolution
		HideSolutionNode = FALSE
	EndGlobalSection
	GlobalSection(ExtensibilityGlobals) = postSolution
		SolutionGuid = {2414B644-3584-4EF2-9D7E-69A93FE92581}
	EndGlobalSection
EndGlobal
